
Microsoft Visual Studio Solution File, Format Version 12.00
# Visual Studio Version 17
VisualStudioVersion = 17.7.34003.232
MinimumVisualStudioVersion = 10.0.40219.1
Project("{FAE04EC0-301F-11D3-BF4B-00C04F79EFBC}") = "E-commerce", "E-commerce\E-commerce.csproj", "{FC3ED406-C3D5-4697-9EDB-5014B0772B65}"
EndProject
Global
	GlobalSection(SolutionConfigurationPlatforms) = preSolution
		Debug|Any CPU = Debug|Any CPU
		Release|Any CPU = Release|Any CPU
	EndGlobalSection
	GlobalSection(ProjectConfigurationPlatforms) = postSolution
		{FC3ED406-C3D5-4697-9EDB-5014B0772B65}.Debug|Any CPU.ActiveCfg = Debug|Any CPU
		{FC3ED406-C3D5-4697-9EDB-5014B0772B65}.Debug|Any CPU.Build.0 = Debug|Any CPU
		{FC3ED406-C3D5-4697-9EDB-5014B0772B65}.Release|Any CPU.ActiveCfg = Release|Any CPU
		{FC3ED406-C3D5-4697-9EDB-5014B0772B65}.Release|Any CPU.Build.0 = Release|Any CPU
	EndGlobalSection
	GlobalSection(SolutionProperties) = preSolution
		HideSolutionNode = FALSE
	EndGlobalSection
	GlobalSection(ExtensibilityGlobals) = postSolution
		SolutionGuid = {E36AE01B-2209-4536-AED5-2D50EAEABD94}
	EndGlobalSection
EndGlobal
